Microsoft Visual Studio Solution File, Format Version 12.00
# Visual Studio Version 17
Project("{FAE04EC0-301F-11D3-BF4B-00C04F79EFBC}") = "PSOTLP", "src\PSOTLP\PSOTLP.csproj", "{6B9C9C20-7E5B-4D17-94B3-3F0E1F3F6111}"
EndProject
Global
	GlobalSection(SolutionConfigurationPlatforms) = preSolution
		Debug|Any CPU = Debug|Any CPU
		Release|Any CPU = Release|Any CPU
	EndGlobalSection
	GlobalSection(ProjectConfigurationPlatforms) = postSolution
		{6B9C9C20-7E5B-4D17-94B3-3F0E1F3F6111}.Debug|Any CPU.ActiveCfg = Debug|Any CPU
		{6B9C9C20-7E5B-4D17-94B3-3F0E1F3F6111}.Debug|Any CPU.Build.0 = Debug|Any CPU
		{6B9C9C20-7E5B-4D17-94B3-3F0E1F3F6111}.Release|Any CPU.ActiveCfg = Release|Any CPU
		{6B9C9C20-7E5B-4D17-94B3-3F0E1F3F6111}.Release|Any CPU.Build.0 = Release|Any CPU
	EndGlobalSection
EndGlobal
